{"version":4,"terraform_version":"1.8.5","serial":8,"lineage":"b0adb97d-6ee9-4927-d177-f632b66d779a","outputs":{},"resources":[{"mode":"data","type":"openstack_images_image_v2","name":"deb","provider":"provider[\"registry.opentofu.org/terraform-provider-openstack/openstack\"]","instances":[{"schema_version":0,"attributes":{"checksum":"720120f23fbc7a82c69f5eafede8949f","container_format":"bare","created_at":"2024-10-01T18:20:23Z","disk_format":"qcow2","file":"/v2/images/0d6f6bd4-34c5-4984-ab40-f61373b3f970/file","hidden":false,"id":"0d6f6bd4-34c5-4984-ab40-f61373b3f970","member_status":null,"metadata":{},"min_disk_gb":0,"min_ram_mb":0,"most_recent":false,"name":"Official-debian-12","name_regex":null,"owner":"a75c9e0e03ba48bdb84120fcf5846bf8","properties":{"os_hash_algo":"sha512","os_hash_value":"58a8c91bcaf4e60e32e8153577726a5a68d55def99566b6e5c343b12ba51c24b98b1bc227e59a39f2750a512107d9ca73e59bfc2ed649600fb62098803615942"},"protected":true,"region":"RegionOne","schema":"/v2/schemas/image","size_bytes":439668736,"size_max":null,"size_min":null,"sort":"name:asc","tag":null,"tags":[],"updated_at":"2024-10-01T18:20:33Z","visibility":"public"},"sensitive_attributes":[]}]},{"mode":"data","type":"openstack_networking_secgroup_v2","name":"secgroup_1","provider":"provider[\"registry.opentofu.org/terraform-provider-openstack/openstack\"]","instances":[{"schema_version":0,"attributes":{"all_tags":[],"description":"Default security group","id":"acaae102-696b-4d7e-ada9-c389d9628436","name":"default","region":"RegionOne","secgroup_id":null,"stateful":true,"tags":null,"tenant_id":"858914f7d8584a34ab496eb64bdafcef"},"sensitive_attributes":[]}]},{"mode":"managed","type":"openstack_compute_instance_v2","name":"basic","provider":"provider[\"registry.opentofu.org/terraform-provider-openstack/openstack\"]","instances":[{"schema_version":0,"attributes":{"access_ip_v4":"","access_ip_v6":"[2001:bc8:3b19:2800::165]","admin_pass":null,"all_metadata":{"this":"that"},"all_tags":[],"availability_zone":"nova","availability_zone_hints":null,"block_device":[],"config_drive":true,"created":"2024-11-28 12:47:07 +0000 UTC","flavor_id":"d9c0d509-5b02-47f1-89c0-ee2871081cf2","flavor_name":"v1.m1024.d10","force_delete":false,"id":"c07e64fd-d68a-4563-a836-2e9a63654079","image_id":"0d6f6bd4-34c5-4984-ab40-f61373b3f970","image_name":"Official-debian-12","key_pair":"","metadata":{"this":"that"},"name":"basic","network":[{"access_network":false,"fixed_ip_v4":"","fixed_ip_v6":"[2001:bc8:3b19:2800::165]","mac":"fa:16:3e:32:00:89","name":"public","port":"","uuid":"2896a7f1-09c9-43ed-8e6e-db0892437a75"}],"network_mode":null,"personality":[],"power_state":"active","region":"RegionOne","scheduler_hints":[],"security_groups":["default"],"stop_before_destroy":false,"tags":null,"timeouts":null,"updated":"2024-11-28 12:47:30 +0000 UTC","user_data":"07aedb80904848288a08e19a938c0b366c86f970","vendor_options":[]},"sensitive_attributes":[[{"type":"get_attr","value":"admin_pass"}]],"private":"eyJlMmJmYjczMC1lY2FhLTExZTYtOGY4OC0zNDM2M2JjN2M0YzAiOnsiY3JlYXRlIjoxODAwMDAwMDAwMDAwLCJkZWxldGUiOjE4MDAwMDAwMDAwMDAsInVwZGF0ZSI6MTgwMDAwMDAwMDAwMH19","dependencies":["data.openstack_images_image_v2.deb"]}]},{"mode":"managed","type":"openstack_networking_secgroup_rule_v2","name":"secgroup_rule_1","provider":"provider[\"registry.opentofu.org/terraform-provider-openstack/openstack\"]","instances":[{"schema_version":0,"attributes":{"description":"","direction":"ingress","ethertype":"IPv6","id":"494bf8de-729e-4e97-82b5-cd240283d2e4","port_range_max":22,"port_range_min":22,"protocol":"tcp","region":"RegionOne","remote_group_id":"","remote_ip_prefix":"::/0","security_group_id":"acaae102-696b-4d7e-ada9-c389d9628436","tenant_id":"858914f7d8584a34ab496eb64bdafcef","timeouts":null},"sensitive_attributes":[],"private":"eyJlMmJmYjczMC1lY2FhLTExZTYtOGY4OC0zNDM2M2JjN2M0YzAiOnsiZGVsZXRlIjo2MDAwMDAwMDAwMDB9fQ==","dependencies":["data.openstack_networking_secgroup_v2.secgroup_1"]}]}],"check_results":null}
